# This file is automatically @generated by Poetry 2.0.1 and should not be changed by hand.

[[package]]
name = "eric-sse"
version = "2.1.1.2"
description = "A lightweight message dispatcher based on SSE protocol data transfer objects format"
optional = false
python-versions = ">=3.10"
groups = ["main"]
files = [
    {file = "eric_sse-2.1.1.2-py3-none-any.whl", hash = "sha256:2027f88e1e8c850eea0673fdeae7c6bb9259d3d5e2753620f4fda94722cde761"},
    {file = "eric_sse-2.1.1.2.tar.gz", hash = "sha256:e78f850398e8ba0e59e293af692104b1e469ac88e2e9960b9faf491baf8da715"},
]

[metadata]
lock-version = "2.1"
python-versions = ">=3.10"
content-hash = "b7c2a09be01396e0f87bd00687cb6d4587d82fee95855ed49184fca89efc2108"
